
Microsoft Visual Studio Solution File, Format Version 12.00
# Visual Studio Version 17
VisualStudioVersion = 17.3.32901.215
MinimumVisualStudioVersion = 10.0.40219.1
Project("{FAE04EC0-301F-11D3-BF4B-00C04F79EFBC}") = "InnerMonologue", "InnerMonologue.csproj", "{DFA813C9-C407-48F5-B20F-615A3C8FDBE3}"
EndProject
Global
	GlobalSection(SolutionConfigurationPlatforms) = preSolution
		Debug|Any CPU = Debug|Any CPU
		Release|Any CPU = Release|Any CPU
	EndGlobalSection
	GlobalSection(ProjectConfigurationPlatforms) = postSolution
		{DFA813C9-C407-48F5-B20F-615A3C8FDBE3}.Debug|Any CPU.ActiveCfg = Debug|Any CPU
		{DFA813C9-C407-48F5-B20F-615A3C8FDBE3}.Debug|Any CPU.Build.0 = Debug|Any CPU
		{DFA813C9-C407-48F5-B20F-615A3C8FDBE3}.Release|Any CPU.ActiveCfg = Release|Any CPU
		{DFA813C9-C407-48F5-B20F-615A3C8FDBE3}.Release|Any CPU.Build.0 = Release|Any CPU
	EndGlobalSection
	GlobalSection(SolutionProperties) = preSolution
		HideSolutionNode = FALSE
	EndGlobalSection
	GlobalSection(ExtensibilityGlobals) = postSolution
		SolutionGuid = {90A2226A-BE04-4B4D-A143-EC55BD730752}
	EndGlobalSection
EndGlobal
